
Microsoft Visual Studio Solution File, Format Version 12.00
# Visual Studio Version 17
VisualStudioVersion = 17.5.33530.505
MinimumVisualStudioVersion = 10.0.40219.1
Project("{9A19103F-16F7-4668-BE54-9A1E7A4F7556}") = "StudentAPIWebApp", "StudentAPIWebApp\StudentAPIWebApp.csproj", "{11809464-1719-4012-9A90-8278726D0565}"
EndProject
Global
	GlobalSection(SolutionConfigurationPlatforms) = preSolution
		Debug|Any CPU = Debug|Any CPU
		Release|Any CPU = Release|Any CPU
	EndGlobalSection
	GlobalSection(ProjectConfigurationPlatforms) = postSolution
		{11809464-1719-4012-9A90-8278726D0565}.Debug|Any CPU.ActiveCfg = Debug|Any CPU
		{11809464-1719-4012-9A90-8278726D0565}.Debug|Any CPU.Build.0 = Debug|Any CPU
		{11809464-1719-4012-9A90-8278726D0565}.Release|Any CPU.ActiveCfg = Release|Any CPU
		{11809464-1719-4012-9A90-8278726D0565}.Release|Any CPU.Build.0 = Release|Any CPU
	EndGlobalSection
	GlobalSection(SolutionProperties) = preSolution
		HideSolutionNode = FALSE
	EndGlobalSection
	GlobalSection(ExtensibilityGlobals) = postSolution
		SolutionGuid = {CB4DA95E-AB5B-4E8D-9D25-374443EE50DE}
	EndGlobalSection
EndGlobal
